
Microsoft Visual Studio Solution File, Format Version 12.00
# Visual Studio Version 17
VisualStudioVersion = 17.6.33829.357
MinimumVisualStudioVersion = 10.0.40219.1
Project("{FAE04EC0-301F-11D3-BF4B-00C04F79EFBC}") = "OfficeFileVersionUpdater", "OfficeFileVersionUpdater.csproj", "{95EA2B65-A76A-438E-A0BF-480BC6D374ED}"
EndProject
Global
	GlobalSection(SolutionConfigurationPlatforms) = preSolution
		Debug|Any CPU = Debug|Any CPU
		Release|Any CPU = Release|Any CPU
	EndGlobalSection
	GlobalSection(ProjectConfigurationPlatforms) = postSolution
		{95EA2B65-A76A-438E-A0BF-480BC6D374ED}.Debug|Any CPU.ActiveCfg = Debug|Any CPU
		{95EA2B65-A76A-438E-A0BF-480BC6D374ED}.Debug|Any CPU.Build.0 = Debug|Any CPU
		{95EA2B65-A76A-438E-A0BF-480BC6D374ED}.Release|Any CPU.ActiveCfg = Release|Any CPU
		{95EA2B65-A76A-438E-A0BF-480BC6D374ED}.Release|Any CPU.Build.0 = Release|Any CPU
	EndGlobalSection
	GlobalSection(SolutionProperties) = preSolution
		HideSolutionNode = FALSE
	EndGlobalSection
	GlobalSection(ExtensibilityGlobals) = postSolution
		SolutionGuid = {D14CF7DE-C0E7-42A9-96CE-9BC40126E2F9}
	EndGlobalSection
EndGlobal
